
Microsoft Visual Studio Solution File, Format Version 12.00
# Visual Studio Version 16
VisualStudioVersion = 16.0.29613.14
MinimumVisualStudioVersion = 10.0.40219.1
Project("{9A19103F-16F7-4668-BE54-9A1E7A4F7556}") = "QueueMessageSender", "QueueMessageSender\QueueMessageSender.csproj", "{77862FC2-EF3B-4860-83D1-D88981041BB6}"
EndProject
Project("{9A19103F-16F7-4668-BE54-9A1E7A4F7556}") = "SendRMQ", "SendRMQ\SendRMQ.csproj", "{261D2C1A-6F9C-423B-A771-5B8966266D83}"
EndProject
Project("{9A19103F-16F7-4668-BE54-9A1E7A4F7556}") = "MessageSenderTests", "MessageSenderTests\MessageSenderTests.csproj", "{0AE86B62-A4C4-4876-9954-33D7BA67FA8A}"
EndProject
Global
	GlobalSection(SolutionConfigurationPlatforms) = preSolution
		Debug|Any CPU = Debug|Any CPU
		Release|Any CPU = Release|Any CPU
	EndGlobalSection
	GlobalSection(ProjectConfigurationPlatforms) = postSolution
		{77862FC2-EF3B-4860-83D1-D88981041BB6}.Debug|Any CPU.ActiveCfg = Debug|Any CPU
		{77862FC2-EF3B-4860-83D1-D88981041BB6}.Debug|Any CPU.Build.0 = Debug|Any CPU
		{77862FC2-EF3B-4860-83D1-D88981041BB6}.Release|Any CPU.ActiveCfg = Release|Any CPU
		{77862FC2-EF3B-4860-83D1-D88981041BB6}.Release|Any CPU.Build.0 = Release|Any CPU
		{261D2C1A-6F9C-423B-A771-5B8966266D83}.Debug|Any CPU.ActiveCfg = Debug|Any CPU
		{261D2C1A-6F9C-423B-A771-5B8966266D83}.Debug|Any CPU.Build.0 = Debug|Any CPU
		{261D2C1A-6F9C-423B-A771-5B8966266D83}.Release|Any CPU.ActiveCfg = Release|Any CPU
		{261D2C1A-6F9C-423B-A771-5B8966266D83}.Release|Any CPU.Build.0 = Release|Any CPU
		{0AE86B62-A4C4-4876-9954-33D7BA67FA8A}.Debug|Any CPU.ActiveCfg = Debug|Any CPU
		{0AE86B62-A4C4-4876-9954-33D7BA67FA8A}.Debug|Any CPU.Build.0 = Debug|Any CPU
		{0AE86B62-A4C4-4876-9954-33D7BA67FA8A}.Release|Any CPU.ActiveCfg = Release|Any CPU
		{0AE86B62-A4C4-4876-9954-33D7BA67FA8A}.Release|Any CPU.Build.0 = Release|Any CPU
	EndGlobalSection
	GlobalSection(SolutionProperties) = preSolution
		HideSolutionNode = FALSE
	EndGlobalSection
	GlobalSection(ExtensibilityGlobals) = postSolution
		SolutionGuid = {2B3F2DAA-E268-4023-AF35-A3EA5A8DB853}
	EndGlobalSection
EndGlobal
